{
  "nodes": {
    "nixpkgs": {
      "locked": {
        "lastModified": 1780117667,
        "narHash": "sha256-vGj58j+RmO5Gx7AJMvEkXPt2nlC3qcp5X0iVwXUECIw=",
        "ref": "refs/heads/master",
        "rev": "c9c07ce83f190cb089048c24b9a2e9aba9f9d7a1",
        "revCount": 1007538,
        "type": "git",
        "url": "file:///Users/hmih/fun/nixology/nixpkgs"
      },
      "original": {
        "type": "git",
        "url": "file:///Users/hmih/fun/nixology/nixpkgs"
      }
    },
    "root": {
      "inputs": {
        "nixpkgs": "nixpkgs"
      }
    }
  },
  "root": "root",
  "version": 7
}
